
Microsoft Visual Studio Solution File, Format Version 12.00
# Visual Studio 15
VisualStudioVersion = 15.0.28307.168
MinimumVisualStudioVersion = 10.0.40219.1
Project("{8BC9CEB8-8B4A-11D0-8D11-00A0C91BC942}") = "CopyCat", "CopyCat\CopyCat.vcxproj", "{9621631D-9502-4FF2-9838-04699DEA1924}"
EndProject
Global
	GlobalSection(SolutionConfigurationPlatforms) = preSolution
		Debug|x64 = Debug|x64
		Debug|x86 = Debug|x86
		Release|x64 = Release|x64
		Release|x86 = Release|x86
	EndGlobalSection
	GlobalSection(ProjectConfigurationPlatforms) = postSolution
		{9621631D-9502-4FF2-9838-04699DEA1924}.Debug|x64.ActiveCfg = Debug|x64
		{9621631D-9502-4FF2-9838-04699DEA1924}.Debug|x64.Build.0 = Debug|x64
		{9621631D-9502-4FF2-9838-04699DEA1924}.Debug|x86.ActiveCfg = Debug|Win32
		{9621631D-9502-4FF2-9838-04699DEA1924}.Debug|x86.Build.0 = Debug|Win32
		{9621631D-9502-4FF2-9838-04699DEA1924}.Release|x64.ActiveCfg = Release|x64
		{9621631D-9502-4FF2-9838-04699DEA1924}.Release|x64.Build.0 = Release|x64
		{9621631D-9502-4FF2-9838-04699DEA1924}.Release|x86.ActiveCfg = Release|Win32
		{9621631D-9502-4FF2-9838-04699DEA1924}.Release|x86.Build.0 = Release|Win32
	EndGlobalSection
	GlobalSection(SolutionProperties) = preSolution
		HideSolutionNode = FALSE
	EndGlobalSection
	GlobalSection(ExtensibilityGlobals) = postSolution
		SolutionGuid = {D33676E2-E28F-4B20-BEB9-D6EB9F278846}
	EndGlobalSection
EndGlobal
