
Microsoft Visual Studio Solution File, Format Version 12.00
# Visual Studio 15
VisualStudioVersion = 15.0.28307.168
MinimumVisualStudioVersion = 10.0.40219.1
Project("{8BC9CEB8-8B4A-11D0-8D11-00A0C91BC942}") = "WordGame", "WordGame\WordGame.vcxproj", "{30B90B8A-D138-4DF1-B6D0-AE21F1B85DDD}"
EndProject
Global
	GlobalSection(SolutionConfigurationPlatforms) = preSolution
		Debug|x64 = Debug|x64
		Debug|x86 = Debug|x86
		Release|x64 = Release|x64
		Release|x86 = Release|x86
	EndGlobalSection
	GlobalSection(ProjectConfigurationPlatforms) = postSolution
		{30B90B8A-D138-4DF1-B6D0-AE21F1B85DDD}.Debug|x64.ActiveCfg = Debug|x64
		{30B90B8A-D138-4DF1-B6D0-AE21F1B85DDD}.Debug|x64.Build.0 = Debug|x64
		{30B90B8A-D138-4DF1-B6D0-AE21F1B85DDD}.Debug|x86.ActiveCfg = Debug|Win32
		{30B90B8A-D138-4DF1-B6D0-AE21F1B85DDD}.Debug|x86.Build.0 = Debug|Win32
		{30B90B8A-D138-4DF1-B6D0-AE21F1B85DDD}.Release|x64.ActiveCfg = Release|x64
		{30B90B8A-D138-4DF1-B6D0-AE21F1B85DDD}.Release|x64.Build.0 = Release|x64
		{30B90B8A-D138-4DF1-B6D0-AE21F1B85DDD}.Release|x86.ActiveCfg = Release|Win32
		{30B90B8A-D138-4DF1-B6D0-AE21F1B85DDD}.Release|x86.Build.0 = Release|Win32
	EndGlobalSection
	GlobalSection(SolutionProperties) = preSolution
		HideSolutionNode = FALSE
	EndGlobalSection
	GlobalSection(ExtensibilityGlobals) = postSolution
		SolutionGuid = {4D7ED75E-FD54-4E2B-BAF5-7359931558A3}
	EndGlobalSection
EndGlobal
